// !$*UTF8*$!
{
	archiveVersion = 1;
	classes = {
	};
	objectVersion = 48;
	objects = {

/* Begin PBXBuildFile section */
		97B59A1D200E050400A4ACBD /* AppDelegate.swift in Sources */ = {isa = PBXBuildFile; fileRef = 97B59A1C200E050400A4ACBD /* AppDelegate.swift */; };
		97B59A24200E050500A4ACBD /* Assets.xcassets in Resources */ = {isa = PBXBuildFile; fileRef = 97B59A23200E050500A4ACBD /* Assets.xcassets */; };
		97B59A27200E050500A4ACBD /* LaunchScreen.storyboard in Resources */ = {isa = PBXBuildFile; fileRef = 97B59A25200E050500A4ACBD /* LaunchScreen.storyboard */; };
		97B59A32200E050500A4ACBD /* musicplayerTests.swift in Sources */ = {isa = PBXBuildFile; fileRef = 97B59A31200E050500A4ACBD /* musicplayerTests.swift */; };
		97B59A3D200E050500A4ACBD /* musicplayerUITests.swift in Sources */ = {isa = PBXBuildFile; fileRef = 97B59A3C200E050500A4ACBD /* musicplayerUITests.swift */; };
		97B59A73200E1AB800A4ACBD /* CustomTabBarController.swift in Sources */ = {isa = PBXBuildFile; fileRef = 97B59A71200E1AB800A4ACBD /* CustomTabBarController.swift */; };
		97B59A74200E1AB800A4ACBD /* CustomTabBarController.xib in Resources */ = {isa = PBXBuildFile; fileRef = 97B59A72200E1AB800A4ACBD /* CustomTabBarController.xib */; };
		97B59A79200E289F00A4ACBD /* PlaylistsController.swift in Sources */ = {isa = PBXBuildFile; fileRef = 97B59A77200E289F00A4ACBD /* PlaylistsController.swift */; };
		97B59A7A200E289F00A4ACBD /* PlaylistsController.xib in Resources */ = {isa = PBXBuildFile; fileRef = 97B59A78200E289F00A4ACBD /* PlaylistsController.xib */; };
		D671BCB7200EFA09008BA6BF /* NewTabController.swift in Sources */ = {isa = PBXBuildFile; fileRef = D671BCB5200EFA09008BA6BF /* NewTabController.swift */; };
		D671BCB8200EFA09008BA6BF /* NewTabController.xib in Resources */ = {isa = PBXBuildFile; fileRef = D671BCB6200EFA09008BA6BF /* NewTabController.xib */; };
		D69EB36E200EDE49002BA51F /* icon_tab_history_selected@2x.png in Resources */ = {isa = PBXBuildFile; fileRef = D69EB364200EDE49002BA51F /* icon_tab_history_selected@2x.png */; };
		D69EB36F200EDE49002BA51F /* icon_tab_lifestyle_normal@2x.png in Resources */ = {isa = PBXBuildFile; fileRef = D69EB365200EDE49002BA51F /* icon_tab_lifestyle_normal@2x.png */; };
		D69EB370200EDE49002BA51F /* icon_tab_playlists_normal@2x.png in Resources */ = {isa = PBXBuildFile; fileRef = D69EB366200EDE49002BA51F /* icon_tab_playlists_normal@2x.png */; };
		D69EB371200EDE49002BA51F /* icon_tab_playlists_selected@2x.png in Resources */ = {isa = PBXBuildFile; fileRef = D69EB367200EDE49002BA51F /* icon_tab_playlists_selected@2x.png */; };
		D69EB372200EDE49002BA51F /* icon_tab_history_normal@2x.png in Resources */ = {isa = PBXBuildFile; fileRef = D69EB368200EDE49002BA51F /* icon_tab_history_normal@2x.png */; };
		D69EB373200EDE49002BA51F /* icon_tab_lifestyle_selected@2x.png in Resources */ = {isa = PBXBuildFile; fileRef = D69EB369200EDE49002BA51F /* icon_tab_lifestyle_selected@2x.png */; };
		D69EB374200EDE49002BA51F /* icon_tab_songs_normal@2x.png in Resources */ = {isa = PBXBuildFile; fileRef = D69EB36A200EDE49002BA51F /* icon_tab_songs_normal@2x.png */; };
		D69EB375200EDE49002BA51F /* icon_tab_albums_normal@2x.png in Resources */ = {isa = PBXBuildFile; fileRef = D69EB36B200EDE49002BA51F /* icon_tab_albums_normal@2x.png */; };
		D69EB376200EDE49002BA51F /* icon_tab_albums_selected@2x.png in Resources */ = {isa = PBXBuildFile; fileRef = D69EB36C200EDE49002BA51F /* icon_tab_albums_selected@2x.png */; };
		D69EB377200EDE49002BA51F /* icon_tab_songs_selected@2x.png in Resources */ = {isa = PBXBuildFile; fileRef = D69EB36D200EDE49002BA51F /* icon_tab_songs_selected@2x.png */; };
		D69EB37A200EE8E3002BA51F /* TableViewCell.swift in Sources */ = {isa = PBXBuildFile; fileRef = D69EB378200EE8E3002BA51F /* TableViewCell.swift */; };
		D69EB37B200EE8E3002BA51F /* TableViewCell.xib in Resources */ = {isa = PBXBuildFile; fileRef = D69EB379200EE8E3002BA51F /* TableViewCell.xib */; };
/* End PBXBuildFile section */

/* Begin PBXContainerItemProxy section */
		97B59A2E200E050500A4ACBD /* PBXContainerItemProxy */ = {
			isa = PBXContainerItemProxy;
			containerPortal = 97B59A11200E050400A4ACBD /* Project object */;
			proxyType = 1;
			remoteGlobalIDString = 97B59A18200E050400A4ACBD;
			remoteInfo = musicplayer;
		};
		97B59A39200E050500A4ACBD /* PBXContainerItemProxy */ = {
			isa = PBXContainerItemProxy;
			containerPortal = 97B59A11200E050400A4ACBD /* Project object */;
			proxyType = 1;
			remoteGlobalIDString = 97B59A18200E050400A4ACBD;
			remoteInfo = musicplayer;
		};
/* End PBXContainerItemProxy section */

/* Begin PBXFileReference section */
		97B59A19200E050400A4ACBD /* musicplayer.app */ = {isa = PBXFileReference; explicitFileType = wrapper.application; includeInIndex = 0; path = musicplayer.app; sourceTree = BUILT_PRODUCTS_DIR; };
		97B59A1C200E050400A4ACBD /* AppDelegate.swift */ = {isa = PBXFileReference; lastKnownFileType = sourcecode.swift; path = AppDelegate.swift; sourceTree = "<group>"; };
		97B59A23200E050500A4ACBD /* Assets.xcassets */ = {isa = PBXFileReference; lastKnownFileType = folder.assetcatalog; path = Assets.xcassets; sourceTree = "<group>"; };
		97B59A26200E050500A4ACBD /* Base */ = {isa = PBXFileReference; lastKnownFileType = file.storyboard; name = Base; path = Base.lproj/LaunchScreen.storyboard; sourceTree = "<group>"; };
		97B59A28200E050500A4ACBD /* Info.plist */ = {isa = PBXFileReference; lastKnownFileType = text.plist.xml; path = Info.plist; sourceTree = "<group>"; };
		97B59A2D200E050500A4ACBD /* musicplayerTests.xctest */ = {isa = PBXFileReference; explicitFileType = wrapper.cfbundle; includeInIndex = 0; path = musicplayerTests.xctest; sourceTree = BUILT_PRODUCTS_DIR; };
		97B59A31200E050500A4ACBD /* musicplayerTests.swift */ = {isa = PBXFileReference; lastKnownFileType = sourcecode.swift; path = musicplayerTests.swift; sourceTree = "<group>"; };
		97B59A33200E050500A4ACBD /* Info.plist */ = {isa = PBXFileReference; lastKnownFileType = text.plist.xml; path = Info.plist; sourceTree = "<group>"; };
		97B59A38200E050500A4ACBD /* musicplayerUITests.xctest */ = {isa = PBXFileReference; explicitFileType = wrapper.cfbundle; includeInIndex = 0; path = musicplayerUITests.xctest; sourceTree = BUILT_PRODUCTS_DIR; };
		97B59A3C200E050500A4ACBD /* musicplayerUITests.swift */ = {isa = PBXFileReference; lastKnownFileType = sourcecode.swift; path = musicplayerUITests.swift; sourceTree = "<group>"; };
		97B59A3E200E050500A4ACBD /* Info.plist */ = {isa = PBXFileReference; lastKnownFileType = text.plist.xml; path = Info.plist; sourceTree = "<group>"; };
		97B59A71200E1AB800A4ACBD /* CustomTabBarController.swift */ = {isa = PBXFileReference; lastKnownFileType = sourcecode.swift; path = CustomTabBarController.swift; sourceTree = "<group>"; };
		97B59A72200E1AB800A4ACBD /* CustomTabBarController.xib */ = {isa = PBXFileReference; lastKnownFileType = file.xib; path = CustomTabBarController.xib; sourceTree = "<group>"; };
		97B59A77200E289F00A4ACBD /* PlaylistsController.swift */ = {isa = PBXFileReference; lastKnownFileType = sourcecode.swift; path = PlaylistsController.swift; sourceTree = "<group>"; };
		97B59A78200E289F00A4ACBD /* PlaylistsController.xib */ = {isa = PBXFileReference; lastKnownFileType = file.xib; path = PlaylistsController.xib; sourceTree = "<group>"; };
		D671BCB5200EFA09008BA6BF /* NewTabController.swift */ = {isa = PBXFileReference; lastKnownFileType = sourcecode.swift; path = NewTabController.swift; sourceTree = "<group>"; };
		D671BCB6200EFA09008BA6BF /* NewTabController.xib */ = {isa = PBXFileReference; lastKnownFileType = file.xib; path = NewTabController.xib; sourceTree = "<group>"; };
		D69EB364200EDE49002BA51F /* icon_tab_history_selected@2x.png */ = {isa = PBXFileReference; lastKnownFileType = image.png; name = "icon_tab_history_selected@2x.png"; path = "musicplayer/images/icon_tab_history_selected@2x.png"; sourceTree = SOURCE_ROOT; };
		D69EB365200EDE49002BA51F /* icon_tab_lifestyle_normal@2x.png */ = {isa = PBXFileReference; lastKnownFileType = image.png; name = "icon_tab_lifestyle_normal@2x.png"; path = "musicplayer/images/icon_tab_lifestyle_normal@2x.png"; sourceTree = SOURCE_ROOT; };
		D69EB366200EDE49002BA51F /* icon_tab_playlists_normal@2x.png */ = {isa = PBXFileReference; lastKnownFileType = image.png; name = "icon_tab_playlists_normal@2x.png"; path = "musicplayer/images/icon_tab_playlists_normal@2x.png"; sourceTree = SOURCE_ROOT; };
		D69EB367200EDE49002BA51F /* icon_tab_playlists_selected@2x.png */ = {isa = PBXFileReference; lastKnownFileType = image.png; name = "icon_tab_playlists_selected@2x.png"; path = "musicplayer/images/icon_tab_playlists_selected@2x.png"; sourceTree = SOURCE_ROOT; };
		D69EB368200EDE49002BA51F /* icon_tab_history_normal@2x.png */ = {isa = PBXFileReference; lastKnownFileType = image.png; name = "icon_tab_history_normal@2x.png"; path = "musicplayer/images/icon_tab_history_normal@2x.png"; sourceTree = SOURCE_ROOT; };
		D69EB369200EDE49002BA51F /* icon_tab_lifestyle_selected@2x.png */ = {isa = PBXFileReference; lastKnownFileType = image.png; name = "icon_tab_lifestyle_selected@2x.png"; path = "musicplayer/images/icon_tab_lifestyle_selected@2x.png"; sourceTree = SOURCE_ROOT; };
		D69EB36A200EDE49002BA51F /* icon_tab_songs_normal@2x.png */ = {isa = PBXFileReference; lastKnownFileType = image.png; name = "icon_tab_songs_normal@2x.png"; path = "musicplayer/images/icon_tab_songs_normal@2x.png"; sourceTree = SOURCE_ROOT; };
		D69EB36B200EDE49002BA51F /* icon_tab_albums_normal@2x.png */ = {isa = PBXFileReference; lastKnownFileType = image.png; name = "icon_tab_albums_normal@2x.png"; path = "musicplayer/images/icon_tab_albums_normal@2x.png"; sourceTree = SOURCE_ROOT; };
		D69EB36C200EDE49002BA51F /* icon_tab_albums_selected@2x.png */ = {isa = PBXFileReference; lastKnownFileType = image.png; name = "icon_tab_albums_selected@2x.png"; path = "musicplayer/images/icon_tab_albums_selected@2x.png"; sourceTree = SOURCE_ROOT; };
		D69EB36D200EDE49002BA51F /* icon_tab_songs_selected@2x.png */ = {isa = PBXFileReference; lastKnownFileType = image.png; name = "icon_tab_songs_selected@2x.png"; path = "musicplayer/images/icon_tab_songs_selected@2x.png"; sourceTree = SOURCE_ROOT; };
		D69EB378200EE8E3002BA51F /* TableViewCell.swift */ = {isa = PBXFileReference; lastKnownFileType = sourcecode.swift; path = TableViewCell.swift; sourceTree = "<group>"; };
		D69EB379200EE8E3002BA51F /* TableViewCell.xib */ = {isa = PBXFileReference; lastKnownFileType = file.xib; path = TableViewCell.xib; sourceTree = "<group>"; };
/* End PBXFileReference section */

/* Begin PBXFrameworksBuildPhase section */
		97B59A16200E050400A4ACBD /* Frameworks */ = {
			isa = PBXFrameworksBuildPhase;
			buildActionMask = 2147483647;
			files = (
			);
			runOnlyForDeploymentPostprocessing = 0;
		};
		97B59A2A200E050500A4ACBD /* Frameworks */ = {
			isa = PBXFrameworksBuildPhase;
			buildActionMask = 2147483647;
			files = (
			);
			runOnlyForDeploymentPostprocessing = 0;
		};
		97B59A35200E050500A4ACBD /* Frameworks */ = {
			isa = PBXFrameworksBuildPhase;
			buildActionMask = 2147483647;
			files = (
			);
			runOnlyForDeploymentPostprocessing = 0;
		};
/* End PBXFrameworksBuildPhase section */

/* Begin PBXGroup section */
		97B59A10200E050400A4ACBD = {
			isa = PBXGroup;
			children = (
				97B59A1B200E050400A4ACBD /* musicplayer */,
				97B59A30200E050500A4ACBD /* musicplayerTests */,
				97B59A3B200E050500A4ACBD /* musicplayerUITests */,
				97B59A1A200E050400A4ACBD /* Products */,
			);
			sourceTree = "<group>";
		};
		97B59A1A200E050400A4ACBD /* Products */ = {
			isa = PBXGroup;
			children = (
				97B59A19200E050400A4ACBD /* musicplayer.app */,
				97B59A2D200E050500A4ACBD /* musicplayerTests.xctest */,
				97B59A38200E050500A4ACBD /* musicplayerUITests.xctest */,
			);
			name = Products;
			sourceTree = "<group>";
		};
		97B59A1B200E050400A4ACBD /* musicplayer */ = {
			isa = PBXGroup;
			children = (
				97B59A50200E0BED00A4ACBD /* Images */,
				97B59A1C200E050400A4ACBD /* AppDelegate.swift */,
				97B59A23200E050500A4ACBD /* Assets.xcassets */,
				97B59A25200E050500A4ACBD /* LaunchScreen.storyboard */,
				97B59A28200E050500A4ACBD /* Info.plist */,
				97B59A71200E1AB800A4ACBD /* CustomTabBarController.swift */,
				97B59A72200E1AB800A4ACBD /* CustomTabBarController.xib */,
				97B59A77200E289F00A4ACBD /* PlaylistsController.swift */,
				97B59A78200E289F00A4ACBD /* PlaylistsController.xib */,
				D69EB378200EE8E3002BA51F /* TableViewCell.swift */,
				D69EB379200EE8E3002BA51F /* TableViewCell.xib */,
				D671BCB5200EFA09008BA6BF /* NewTabController.swift */,
				D671BCB6200EFA09008BA6BF /* NewTabController.xib */,
			);
			path = musicplayer;
			sourceTree = "<group>";
		};
		97B59A30200E050500A4ACBD /* musicplayerTests */ = {
			isa = PBXGroup;
			children = (
				97B59A31200E050500A4ACBD /* musicplayerTests.swift */,
				97B59A33200E050500A4ACBD /* Info.plist */,
			);
			path = musicplayerTests;
			sourceTree = "<group>";
		};
		97B59A3B200E050500A4ACBD /* musicplayerUITests */ = {
			isa = PBXGroup;
			children = (
				97B59A3C200E050500A4ACBD /* musicplayerUITests.swift */,
				97B59A3E200E050500A4ACBD /* Info.plist */,
			);
			path = musicplayerUITests;
			sourceTree = "<group>";
		};
		97B59A50200E0BED00A4ACBD /* Images */ = {
			isa = PBXGroup;
			children = (
				D69EB36B200EDE49002BA51F /* icon_tab_albums_normal@2x.png */,
				D69EB36C200EDE49002BA51F /* icon_tab_albums_selected@2x.png */,
				D69EB368200EDE49002BA51F /* icon_tab_history_normal@2x.png */,
				D69EB364200EDE49002BA51F /* icon_tab_history_selected@2x.png */,
				D69EB365200EDE49002BA51F /* icon_tab_lifestyle_normal@2x.png */,
				D69EB369200EDE49002BA51F /* icon_tab_lifestyle_selected@2x.png */,
				D69EB366200EDE49002BA51F /* icon_tab_playlists_normal@2x.png */,
				D69EB367200EDE49002BA51F /* icon_tab_playlists_selected@2x.png */,
				D69EB36A200EDE49002BA51F /* icon_tab_songs_normal@2x.png */,
				D69EB36D200EDE49002BA51F /* icon_tab_songs_selected@2x.png */,
			);
			path = Images;
			sourceTree = "<group>";
		};
/* End PBXGroup section */

/* Begin PBXNativeTarget section */
		97B59A18200E050400A4ACBD /* musicplayer */ = {
			isa = PBXNativeTarget;
			buildConfigurationList = 97B59A41200E050500A4ACBD /* Build configuration list for PBXNativeTarget "musicplayer" */;
			buildPhases = (
				97B59A15200E050400A4ACBD /* Sources */,
				97B59A16200E050400A4ACBD /* Frameworks */,
				97B59A17200E050400A4ACBD /* Resources */,
			);
			buildRules = (
			);
			dependencies = (
			);
			name = musicplayer;
			productName = musicplayer;
			productReference = 97B59A19200E050400A4ACBD /* musicplayer.app */;
			productType = "com.apple.product-type.application";
		};
		97B59A2C200E050500A4ACBD /* musicplayerTests */ = {
			isa = PBXNativeTarget;
			buildConfigurationList = 97B59A44200E050500A4ACBD /* Build configuration list for PBXNativeTarget "musicplayerTests" */;
			buildPhases = (
				97B59A29200E050500A4ACBD /* Sources */,
				97B59A2A200E050500A4ACBD /* Frameworks */,
				97B59A2B200E050500A4ACBD /* Resources */,
			);
			buildRules = (
			);
			dependencies = (
				97B59A2F200E050500A4ACBD /* PBXTargetDependency */,
			);
			name = musicplayerTests;
			productName = musicplayerTests;
			productReference = 97B59A2D200E050500A4ACBD /* musicplayerTests.xctest */;
			productType = "com.apple.product-type.bundle.unit-test";
		};
		97B59A37200E050500A4ACBD /* musicplayerUITests */ = {
			isa = PBXNativeTarget;
			buildConfigurationList = 97B59A47200E050500A4ACBD /* Build configuration list for PBXNativeTarget "musicplayerUITests" */;
			buildPhases = (
				97B59A34200E050500A4ACBD /* Sources */,
				97B59A35200E050500A4ACBD /* Frameworks */,
				97B59A36200E050500A4ACBD /* Resources */,
			);
			buildRules = (
			);
			dependencies = (
				97B59A3A200E050500A4ACBD /* PBXTargetDependency */,
			);
			name = musicplayerUITests;
			productName = musicplayerUITests;
			productReference = 97B59A38200E050500A4ACBD /* musicplayerUITests.xctest */;
			productType = "com.apple.product-type.bundle.ui-testing";
		};
/* End PBXNativeTarget section */

/* Begin PBXProject section */
		97B59A11200E050400A4ACBD /* Project object */ = {
			isa = PBXProject;
			attributes = {
				LastSwiftUpdateCheck = 0920;
				LastUpgradeCheck = 0920;
				ORGANIZATIONNAME = kay00000;
				TargetAttributes = {
					97B59A18200E050400A4ACBD = {
						CreatedOnToolsVersion = 9.2;
						ProvisioningStyle = Automatic;
					};
					97B59A2C200E050500A4ACBD = {
						CreatedOnToolsVersion = 9.2;
						ProvisioningStyle = Automatic;
						TestTargetID = 97B59A18200E050400A4ACBD;
					};
					97B59A37200E050500A4ACBD = {
						CreatedOnToolsVersion = 9.2;
						ProvisioningStyle = Automatic;
						TestTargetID = 97B59A18200E050400A4ACBD;
					};
				};
			};
			buildConfigurationList = 97B59A14200E050400A4ACBD /* Build configuration list for PBXProject "musicplayer" */;
			compatibilityVersion = "Xcode 8.0";
			developmentRegion = en;
			hasScannedForEncodings = 0;
			knownRegions = (
				en,
				Base,
			);
			mainGroup = 97B59A10200E050400A4ACBD;
			productRefGroup = 97B59A1A200E050400A4ACBD /* Products */;
			projectDirPath = "";
			projectRoot = "";
			targets = (
				97B59A18200E050400A4ACBD /* musicplayer */,
				97B59A2C200E050500A4ACBD /* musicplayerTests */,
				97B59A37200E050500A4ACBD /* musicplayerUITests */,
			);
		};
/* End PBXProject section */

/* Begin PBXResourcesBuildPhase section */
		97B59A17200E050400A4ACBD /* Resources */ = {
			isa = PBXResourcesBuildPhase;
			buildActionMask = 2147483647;
			files = (
				97B59A7A200E289F00A4ACBD /* PlaylistsController.xib in Resources */,
				D69EB37B200EE8E3002BA51F /* TableViewCell.xib in Resources */,
				D69EB377200EDE49002BA51F /* icon_tab_songs_selected@2x.png in Resources */,
				D69EB372200EDE49002BA51F /* icon_tab_history_normal@2x.png in Resources */,
				D69EB36E200EDE49002BA51F /* icon_tab_history_selected@2x.png in Resources */,
				D69EB371200EDE49002BA51F /* icon_tab_playlists_selected@2x.png in Resources */,
				97B59A27200E050500A4ACBD /* LaunchScreen.storyboard in Resources */,
				D69EB370200EDE49002BA51F /* icon_tab_playlists_normal@2x.png in Resources */,
				97B59A74200E1AB800A4ACBD /* CustomTabBarController.xib in Resources */,
				D69EB36F200EDE49002BA51F /* icon_tab_lifestyle_normal@2x.png in Resources */,
				D671BCB8200EFA09008BA6BF /* NewTabController.xib in Resources */,
				D69EB375200EDE49002BA51F /* icon_tab_albums_normal@2x.png in Resources */,
				D69EB376200EDE49002BA51F /* icon_tab_albums_selected@2x.png in Resources */,
				D69EB374200EDE49002BA51F /* icon_tab_songs_normal@2x.png in Resources */,
				D69EB373200EDE49002BA51F /* icon_tab_lifestyle_selected@2x.png in Resources */,
				97B59A24200E050500A4ACBD /* Assets.xcassets in Resources */,
			);
			runOnlyForDeploymentPostprocessing = 0;
		};
		97B59A2B200E050500A4ACBD /* Resources */ = {
			isa = PBXResourcesBuildPhase;
			buildActionMask = 2147483647;
			files = (
			);
			runOnlyForDeploymentPostprocessing = 0;
		};
		97B59A36200E050500A4ACBD /* Resources */ = {
			isa = PBXResourcesBuildPhase;
			buildActionMask = 2147483647;
			files = (
			);
			runOnlyForDeploymentPostprocessing = 0;
		};
/* End PBXResourcesBuildPhase section */

/* Begin PBXSourcesBuildPhase section */
		97B59A15200E050400A4ACBD /* Sources */ = {
			isa = PBXSourcesBuildPhase;
			buildActionMask = 2147483647;
			files = (
				97B59A79200E289F00A4ACBD /* PlaylistsController.swift in Sources */,
				D69EB37A200EE8E3002BA51F /* TableViewCell.swift in Sources */,
				97B59A1D200E050400A4ACBD /* AppDelegate.swift in Sources */,
				D671BCB7200EFA09008BA6BF /* NewTabController.swift in Sources */,
				97B59A73200E1AB800A4ACBD /* CustomTabBarController.swift in Sources */,
			);
			runOnlyForDeploymentPostprocessing = 0;
		};
		97B59A29200E050500A4ACBD /* Sources */ = {
			isa = PBXSourcesBuildPhase;
			buildActionMask = 2147483647;
			files = (
				97B59A32200E050500A4ACBD /* musicplayerTests.swift in Sources */,
			);
			runOnlyForDeploymentPostprocessing = 0;
		};
		97B59A34200E050500A4ACBD /* Sources */ = {
			isa = PBXSourcesBuildPhase;
			buildActionMask = 2147483647;
			files = (
				97B59A3D200E050500A4ACBD /* musicplayerUITests.swift in Sources */,
			);
			runOnlyForDeploymentPostprocessing = 0;
		};
/* End PBXSourcesBuildPhase section */

/* Begin PBXTargetDependency section */
		97B59A2F200E050500A4ACBD /* PBXTargetDependency */ = {
			isa = PBXTargetDependency;
			target = 97B59A18200E050400A4ACBD /* musicplayer */;
			targetProxy = 97B59A2E200E050500A4ACBD /* PBXContainerItemProxy */;
		};
		97B59A3A200E050500A4ACBD /* PBXTargetDependency */ = {
			isa = PBXTargetDependency;
			target = 97B59A18200E050400A4ACBD /* musicplayer */;
			targetProxy = 97B59A39200E050500A4ACBD /* PBXContainerItemProxy */;
		};
/* End PBXTargetDependency section */

/* Begin PBXVariantGroup section */
		97B59A25200E050500A4ACBD /* LaunchScreen.storyboard */ = {
			isa = PBXVariantGroup;
			children = (
				97B59A26200E050500A4ACBD /* Base */,
			);
			name = LaunchScreen.storyboard;
			sourceTree = "<group>";
		};
/* End PBXVariantGroup section */

/* Begin XCBuildConfiguration section */
		97B59A3F200E050500A4ACBD /* Debug */ = {
			isa = XCBuildConfiguration;
			buildSettings = {
				ALWAYS_SEARCH_USER_PATHS = NO;
				CLANG_ANALYZER_NONNULL = YES;
				CLANG_ANALYZER_NUMBER_OBJECT_CONVERSION = YES_AGGRESSIVE;
				CLANG_CXX_LANGUAGE_STANDARD = "gnu++14";
				CLANG_CXX_LIBRARY = "libc++";
				CLANG_ENABLE_MODULES = YES;
				CLANG_ENABLE_OBJC_ARC = YES;
				CLANG_WARN_BLOCK_CAPTURE_AUTORELEASING = YES;
				CLANG_WARN_BOOL_CONVERSION = YES;
				CLANG_WARN_COMMA = YES;
				CLANG_WARN_CONSTANT_CONVERSION = YES;
				CLANG_WARN_DIRECT_OBJC_ISA_USAGE = YES_ERROR;
				CLANG_WARN_DOCUMENTATION_COMMENTS = YES;
				CLANG_WARN_EMPTY_BODY = YES;
				CLANG_WARN_ENUM_CONVERSION = YES;
				CLANG_WARN_INFINITE_RECURSION = YES;
				CLANG_WARN_INT_CONVERSION = YES;
				CLANG_WARN_NON_LITERAL_NULL_CONVERSION = YES;
				CLANG_WARN_OBJC_LITERAL_CONVERSION = YES;
				CLANG_WARN_OBJC_ROOT_CLASS = YES_ERROR;
				CLANG_WARN_RANGE_LOOP_ANALYSIS = YES;
				CLANG_WARN_STRICT_PROTOTYPES = YES;
				CLANG_WARN_SUSPICIOUS_MOVE = YES;
				CLANG_WARN_UNGUARDED_AVAILABILITY = YES_AGGRESSIVE;
				CLANG_WARN_UNREACHABLE_CODE = YES;
				CLANG_WARN__DUPLICATE_METHOD_MATCH = YES;
				CODE_SIGN_IDENTITY = "iPhone Developer";
				COPY_PHASE_STRIP = NO;
				DEBUG_INFORMATION_FORMAT = dwarf;
				ENABLE_STRICT_OBJC_MSGSEND = YES;
				ENABLE_TESTABILITY = YES;
				GCC_C_LANGUAGE_STANDARD = gnu11;
				GCC_DYNAMIC_NO_PIC = NO;
				GCC_NO_COMMON_BLOCKS = YES;
				GCC_OPTIMIZATION_LEVEL = 0;
				GCC_PREPROCESSOR_DEFINITIONS = (
					"DEBUG=1",
					"$(inherited)",
				);
				GCC_WARN_64_TO_32_BIT_CONVERSION = YES;
				GCC_WARN_ABOUT_RETURN_TYPE = YES_ERROR;
				GCC_WARN_UNDECLARED_SELECTOR = YES;
				GCC_WARN_UNINITIALIZED_AUTOS = YES_AGGRESSIVE;
				GCC_WARN_UNUSED_FUNCTION = YES;
				GCC_WARN_UNUSED_VARIABLE = YES;
				IPHONEOS_DEPLOYMENT_TARGET = 11.2;
				MTL_ENABLE_DEBUG_INFO = YES;
				ONLY_ACTIVE_ARCH = YES;
				SDKROOT = iphoneos;
				SWIFT_ACTIVE_COMPILATION_CONDITIONS = DEBUG;
				SWIFT_OPTIMIZATION_LEVEL = "-Onone";
			};
			name = Debug;
		};
		97B59A40200E050500A4ACBD /* Release */ = {
			isa = XCBuildConfiguration;
			buildSettings = {
				ALWAYS_SEARCH_USER_PATHS = NO;
				CLANG_ANALYZER_NONNULL = YES;
				CLANG_ANALYZER_NUMBER_OBJECT_CONVERSION = YES_AGGRESSIVE;
				CLANG_CXX_LANGUAGE_STANDARD = "gnu++14";
				CLANG_CXX_LIBRARY = "libc++";
				CLANG_ENABLE_MODULES = YES;
				CLANG_ENABLE_OBJC_ARC = YES;
				CLANG_WARN_BLOCK_CAPTURE_AUTORELEASING = YES;
				CLANG_WARN_BOOL_CONVERSION = YES;
				CLANG_WARN_COMMA = YES;
				CLANG_WARN_CONSTANT_CONVERSION = YES;
				CLANG_WARN_DIRECT_OBJC_ISA_USAGE = YES_ERROR;
				CLANG_WARN_DOCUMENTATION_COMMENTS = YES;
				CLANG_WARN_EMPTY_BODY = YES;
				CLANG_WARN_ENUM_CONVERSION = YES;
				CLANG_WARN_INFINITE_RECURSION = YES;
				CLANG_WARN_INT_CONVERSION = YES;
				CLANG_WARN_NON_LITERAL_NULL_CONVERSION = YES;
				CLANG_WARN_OBJC_LITERAL_CONVERSION = YES;
				CLANG_WARN_OBJC_ROOT_CLASS = YES_ERROR;
				CLANG_WARN_RANGE_LOOP_ANALYSIS = YES;
				CLANG_WARN_STRICT_PROTOTYPES = YES;
				CLANG_WARN_SUSPICIOUS_MOVE = YES;
				CLANG_WARN_UNGUARDED_AVAILABILITY = YES_AGGRESSIVE;
				CLANG_WARN_UNREACHABLE_CODE = YES;
				CLANG_WARN__DUPLICATE_METHOD_MATCH = YES;
				CODE_SIGN_IDENTITY = "iPhone Developer";
				COPY_PHASE_STRIP = NO;
				DEBUG_INFORMATION_FORMAT = "dwarf-with-dsym";
				ENABLE_NS_ASSERTIONS = NO;
				ENABLE_STRICT_OBJC_MSGSEND = YES;
				GCC_C_LANGUAGE_STANDARD = gnu11;
				GCC_NO_COMMON_BLOCKS = YES;
				GCC_WARN_64_TO_32_BIT_CONVERSION = YES;
				GCC_WARN_ABOUT_RETURN_TYPE = YES_ERROR;
				GCC_WARN_UNDECLARED_SELECTOR = YES;
				GCC_WARN_UNINITIALIZED_AUTOS = YES_AGGRESSIVE;
				GCC_WARN_UNUSED_FUNCTION = YES;
				GCC_WARN_UNUSED_VARIABLE = YES;
				IPHONEOS_DEPLOYMENT_TARGET = 11.2;
				MTL_ENABLE_DEBUG_INFO = NO;
				SDKROOT = iphoneos;
				SWIFT_OPTIMIZATION_LEVEL = "-Owholemodule";
				VALIDATE_PRODUCT = YES;
			};
			name = Release;
		};
		97B59A42200E050500A4ACBD /* Debug */ = {
			isa = XCBuildConfiguration;
			buildSettings = {
				ASSETCATALOG_COMPILER_APPICON_NAME = AppIcon;
				CODE_SIGN_STYLE = Automatic;
				DEVELOPMENT_TEAM = 4N62YTAT8M;
				INFOPLIST_FILE = musicplayer/Info.plist;
				LD_RUNPATH_SEARCH_PATHS = "$(inherited) @executable_path/Frameworks";
				PRODUCT_BUNDLE_IDENTIFIER = com.kay00000.musicplayer;
				PRODUCT_NAME = "$(TARGET_NAME)";
				SWIFT_VERSION = 4.0;
				TARGETED_DEVICE_FAMILY = "1,2";
			};
			name = Debug;
		};
		97B59A43200E050500A4ACBD /* Release */ = {
			isa = XCBuildConfiguration;
			buildSettings = {
				ASSETCATALOG_COMPILER_APPICON_NAME = AppIcon;
				CODE_SIGN_STYLE = Automatic;
				DEVELOPMENT_TEAM = 4N62YTAT8M;
				INFOPLIST_FILE = musicplayer/Info.plist;
				LD_RUNPATH_SEARCH_PATHS = "$(inherited) @executable_path/Frameworks";
				PRODUCT_BUNDLE_IDENTIFIER = com.kay00000.musicplayer;
				PRODUCT_NAME = "$(TARGET_NAME)";
				SWIFT_VERSION = 4.0;
				TARGETED_DEVICE_FAMILY = "1,2";
			};
			name = Release;
		};
		97B59A45200E050500A4ACBD /* Debug */ = {
			isa = XCBuildConfiguration;
			buildSettings = {
				ALWAYS_EMBED_SWIFT_STANDARD_LIBRARIES = YES;
				BUNDLE_LOADER = "$(TEST_HOST)";
				CODE_SIGN_STYLE = Automatic;
				DEVELOPMENT_TEAM = 4N62YTAT8M;
				INFOPLIST_FILE = musicplayerTests/Info.plist;
				LD_RUNPATH_SEARCH_PATHS = "$(inherited) @executable_path/Frameworks @loader_path/Frameworks";
				PRODUCT_BUNDLE_IDENTIFIER = com.kay00000.musicplayerTests;
				PRODUCT_NAME = "$(TARGET_NAME)";
				SWIFT_VERSION = 4.0;
				TARGETED_DEVICE_FAMILY = "1,2";
				TEST_HOST = "$(BUILT_PRODUCTS_DIR)/musicplayer.app/musicplayer";
			};
			name = Debug;
		};
		97B59A46200E050500A4ACBD /* Release */ = {
			isa = XCBuildConfiguration;
			buildSettings = {
				ALWAYS_EMBED_SWIFT_STANDARD_LIBRARIES = YES;
				BUNDLE_LOADER = "$(TEST_HOST)";
				CODE_SIGN_STYLE = Automatic;
				DEVELOPMENT_TEAM = 4N62YTAT8M;
				INFOPLIST_FILE = musicplayerTests/Info.plist;
				LD_RUNPATH_SEARCH_PATHS = "$(inherited) @executable_path/Frameworks @loader_path/Frameworks";
				PRODUCT_BUNDLE_IDENTIFIER = com.kay00000.musicplayerTests;
				PRODUCT_NAME = "$(TARGET_NAME)";
				SWIFT_VERSION = 4.0;
				TARGETED_DEVICE_FAMILY = "1,2";
				TEST_HOST = "$(BUILT_PRODUCTS_DIR)/musicplayer.app/musicplayer";
			};
			name = Release;
		};
		97B59A48200E050500A4ACBD /* Debug */ = {
			isa = XCBuildConfiguration;
			buildSettings = {
				ALWAYS_EMBED_SWIFT_STANDARD_LIBRARIES = YES;
				CODE_SIGN_STYLE = Automatic;
				DEVELOPMENT_TEAM = 4N62YTAT8M;
				INFOPLIST_FILE = musicplayerUITests/Info.plist;
				LD_RUNPATH_SEARCH_PATHS = "$(inherited) @executable_path/Frameworks @loader_path/Frameworks";
				PRODUCT_BUNDLE_IDENTIFIER = com.kay00000.musicplayerUITests;
				PRODUCT_NAME = "$(TARGET_NAME)";
				SWIFT_VERSION = 4.0;
				TARGETED_DEVICE_FAMILY = "1,2";
				TEST_TARGET_NAME = musicplayer;
			};
			name = Debug;
		};
		97B59A49200E050500A4ACBD /* Release */ = {
			isa = XCBuildConfiguration;
			buildSettings = {
				ALWAYS_EMBED_SWIFT_STANDARD_LIBRARIES = YES;
				CODE_SIGN_STYLE = Automatic;
				DEVELOPMENT_TEAM = 4N62YTAT8M;
				INFOPLIST_FILE = musicplayerUITests/Info.plist;
				LD_RUNPATH_SEARCH_PATHS = "$(inherited) @executable_path/Frameworks @loader_path/Frameworks";
				PRODUCT_BUNDLE_IDENTIFIER = com.kay00000.musicplayerUITests;
				PRODUCT_NAME = "$(TARGET_NAME)";
				SWIFT_VERSION = 4.0;
				TARGETED_DEVICE_FAMILY = "1,2";
				TEST_TARGET_NAME = musicplayer;
			};
			name = Release;
		};
/* End XCBuildConfiguration section */

/* Begin XCConfigurationList section */
		97B59A14200E050400A4ACBD /* Build configuration list for PBXProject "musicplayer" */ = {
			isa = XCConfigurationList;
			buildConfigurations = (
				97B59A3F200E050500A4ACBD /* Debug */,
				97B59A40200E050500A4ACBD /* Release */,
			);
			defaultConfigurationIsVisible = 0;
			defaultConfigurationName = Release;
		};
		97B59A41200E050500A4ACBD /* Build configuration list for PBXNativeTarget "musicplayer" */ = {
			isa = XCConfigurationList;
			buildConfigurations = (
				97B59A42200E050500A4ACBD /* Debug */,
				97B59A43200E050500A4ACBD /* Release */,
			);
			defaultConfigurationIsVisible = 0;
			defaultConfigurationName = Release;
		};
		97B59A44200E050500A4ACBD /* Build configuration list for PBXNativeTarget "musicplayerTests" */ = {
			isa = XCConfigurationList;
			buildConfigurations = (
				97B59A45200E050500A4ACBD /* Debug */,
				97B59A46200E050500A4ACBD /* Release */,
			);
			defaultConfigurationIsVisible = 0;
			defaultConfigurationName = Release;
		};
		97B59A47200E050500A4ACBD /* Build configuration list for PBXNativeTarget "musicplayerUITests" */ = {
			isa = XCConfigurationList;
			buildConfigurations = (
				97B59A48200E050500A4ACBD /* Debug */,
				97B59A49200E050500A4ACBD /* Release */,
			);
			defaultConfigurationIsVisible = 0;
			defaultConfigurationName = Release;
		};
/* End XCConfigurationList section */
	};
	rootObject = 97B59A11200E050400A4ACBD /* Project object */;
}
